# This file was autogenerated by uv via the following command:
#    uv pip compile requirements.txt -o requirements.lock
annotated-doc==0.0.4
    # via typer
annotated-types==0.7.0
    # via pydantic
anyio==4.14.1
    # via
    #   groq
    #   httpx
    #   starlette
    #   watchfiles
certifi==2026.6.17
    # via
    #   httpcore
    #   httpx
    #   requests
cffi==2.0.0
    # via cryptography
charset-normalizer==3.4.7
    # via requests
click==8.4.2
    # via
    #   rich-toolkit
    #   uvicorn
colorama==0.4.6
    # via
    #   click
    #   pytest
    #   tqdm
    #   typer
    #   uvicorn
cryptography==49.0.0
    # via python-jose
deprecation==2.1.0
    # via postgrest
distro==1.9.0
    # via groq
dnspython==2.8.0
    # via email-validator
ecdsa==0.19.2
    # via python-jose
email-validator==2.1.1
    # via
    #   -r requirements.txt
    #   fastapi
fastapi==0.111.0
    # via -r requirements.txt
fastapi-cli==0.0.27
    # via fastapi
filelock==3.29.4
    # via
    #   huggingface-hub
    #   torch
    #   transformers
fsspec==2026.6.0
    # via
    #   huggingface-hub
    #   torch
gotrue==2.12.4
    # via supabase
greenlet==3.5.3
    # via sqlalchemy
groq==0.9.0
    # via -r requirements.txt
h11==0.16.0
    # via
    #   httpcore
    #   uvicorn
h2==4.3.0
    # via httpx
hpack==4.2.0
    # via h2
httpcore==1.0.9
    # via httpx
httptools==0.8.0
    # via uvicorn
httpx==0.27.2
    # via
    #   fastapi
    #   gotrue
    #   groq
    #   postgrest
    #   storage3
    #   supabase
    #   supafunc
huggingface-hub==0.36.2
    # via
    #   sentence-transformers
    #   tokenizers
    #   transformers
hyperframe==6.1.0
    # via h2
idna==3.18
    # via
    #   anyio
    #   email-validator
    #   httpx
    #   requests
iniconfig==2.3.0
    # via pytest
jinja2==3.1.6
    # via
    #   fastapi
    #   torch
joblib==1.5.3
    # via scikit-learn
markdown-it-py==4.2.0
    # via rich
markupsafe==3.0.3
    # via jinja2
mdurl==0.1.2
    # via markdown-it-py
mpmath==1.3.0
    # via sympy
narwhals==2.22.1
    # via scikit-learn
networkx==3.6.1
    # via torch
numpy==2.4.6
    # via
    #   pgvector
    #   scikit-learn
    #   scipy
    #   sentence-transformers
    #   transformers
orjson==3.11.9
    # via fastapi
packaging==26.2
    # via
    #   deprecation
    #   huggingface-hub
    #   pytest
    #   transformers
pgvector==0.3.1
    # via -r requirements.txt
pillow==12.2.0
    # via sentence-transformers
pluggy==1.6.0
    # via pytest
postgrest==0.16.11
    # via supabase
psycopg2-binary==2.9.9
    # via -r requirements.txt
pyasn1==0.6.3
    # via
    #   python-jose
    #   rsa
pycparser==3.0
    # via cffi
pydantic==2.7.4
    # via
    #   -r requirements.txt
    #   fastapi
    #   gotrue
    #   groq
    #   postgrest
    #   pydantic-settings
pydantic-core==2.18.4
    # via pydantic
pydantic-settings==2.3.3
    # via -r requirements.txt
pygments==2.20.0
    # via
    #   pytest
    #   rich
pyjwt==2.13.0
    # via gotrue
pymupdf==1.24.4
    # via -r requirements.txt
pymupdfb==1.24.3
    # via pymupdf
pytest==9.1.1
    # via pytest-mock
pytest-mock==3.14.0
    # via -r requirements.txt
python-dateutil==2.9.0.post0
    # via
    #   realtime
    #   storage3
python-dotenv==1.2.2
    # via
    #   pydantic-settings
    #   uvicorn
python-jose==3.3.0
    # via -r requirements.txt
python-multipart==0.0.9
    # via
    #   -r requirements.txt
    #   fastapi
pyyaml==6.0.3
    # via
    #   huggingface-hub
    #   transformers
    #   uvicorn
realtime==1.0.6
    # via supabase
regex==2026.5.9
    # via transformers
requests==2.34.2
    # via
    #   huggingface-hub
    #   transformers
rich==15.0.0
    # via
    #   rich-toolkit
    #   typer
rich-toolkit==0.20.1
    # via fastapi-cli
rsa==4.9.1
    # via python-jose
safetensors==0.8.0
    # via transformers
scikit-learn==1.9.0
    # via sentence-transformers
scipy==1.17.1
    # via
    #   scikit-learn
    #   sentence-transformers
sentence-transformers==3.0.1
    # via -r requirements.txt
setuptools==81.0.0
    # via torch
shellingham==1.5.4
    # via typer
six==1.17.0
    # via
    #   ecdsa
    #   python-dateutil
sniffio==1.3.1
    # via
    #   groq
    #   httpx
sqlalchemy==2.0.30
    # via -r requirements.txt
starlette==0.37.2
    # via fastapi
storage3==0.7.7
    # via supabase
strenum==0.4.15
    # via postgrest
supabase==2.5.1
    # via -r requirements.txt
supafunc==0.4.7
    # via supabase
sympy==1.14.0
    # via torch
threadpoolctl==3.6.0
    # via scikit-learn
tokenizers==0.22.2
    # via transformers
torch==2.12.1
    # via sentence-transformers
tqdm==4.68.3
    # via
    #   huggingface-hub
    #   sentence-transformers
    #   transformers
transformers==4.57.6
    # via sentence-transformers
typer==0.26.8
    # via fastapi-cli
typing-extensions==4.12.2
    # via
    #   -r requirements.txt
    #   anyio
    #   fastapi
    #   groq
    #   huggingface-hub
    #   pydantic
    #   pydantic-core
    #   realtime
    #   rich-toolkit
    #   sqlalchemy
    #   storage3
    #   torch
ujson==5.13.0
    # via fastapi
urllib3==2.7.0
    # via requests
uvicorn==0.30.1
    # via
    #   -r requirements.txt
    #   fastapi
    #   fastapi-cli
watchfiles==1.2.0
    # via uvicorn
websockets==12.0
    # via
    #   realtime
    #   uvicorn
